// !$*UTF8*$!
{
	archiveVersion = 1;
	classes = {
	};
	objectVersion = 46;
	objects = {

/* Begin PBXBuildFile section */
		FABEA82B1BE149F9008890BE /* AppDelegate.swift in Sources */ = {isa = PBXBuildFile; fileRef = FABEA82A1BE149F9008890BE /* AppDelegate.swift */; };
		FABEA82D1BE149F9008890BE /* ViewController.swift in Sources */ = {isa = PBXBuildFile; fileRef = FABEA82C1BE149F9008890BE /* ViewController.swift */; };
		FABEA8301BE149F9008890BE /* Main.storyboard in Resources */ = {isa = PBXBuildFile; fileRef = FABEA82E1BE149F9008890BE /* Main.storyboard */; };
		FABEA8321BE149F9008890BE /* Assets.xcassets in Resources */ = {isa = PBXBuildFile; fileRef = FABEA8311BE149F9008890BE /* Assets.xcassets */; };
		FABEA8351BE149F9008890BE /* LaunchScreen.storyboard in Resources */ = {isa = PBXBuildFile; fileRef = FABEA8331BE149F9008890BE /* LaunchScreen.storyboard */; };
/* End PBXBuildFile section */

/* Begin PBXFileReference section */
		FABEA8271BE149F9008890BE /* Retro-Calculator.app */ = {isa = PBXFileReference; explicitFileType = wrapper.application; includeInIndex = 0; path = "Retro-Calculator.app"; sourceTree = BUILT_PRODUCTS_DIR; };
		FABEA82A1BE149F9008890BE /* AppDelegate.swift */ = {isa = PBXFileReference; lastKnownFileType = sourcecode.swift; path = AppDelegate.swift; sourceTree = "<group>"; };
		FABEA82C1BE149F9008890BE /* ViewController.swift */ = {isa = PBXFileReference; lastKnownFileType = sourcecode.swift; path = ViewController.swift; sourceTree = "<group>"; };
		FABEA82F1BE149F9008890BE /* Base */ = {isa = PBXFileReference; lastKnownFileType = file.storyboard; name = Base; path = Base.lproj/Main.storyboard; sourceTree = "<group>"; };
		FABEA8311BE149F9008890BE /* Assets.xcassets */ = {isa = PBXFileReference; lastKnownFileType = folder.assetcatalog; path = Assets.xcassets; sourceTree = "<group>"; };
		FABEA8341BE149F9008890BE /* Base */ = {isa = PBXFileReference; lastKnownFileType = file.storyboard; name = Base; path = Base.lproj/LaunchScreen.storyboard; sourceTree = "<group>"; };
		FABEA8361BE149F9008890BE /* Info.plist */ = {isa = PBXFileReference; lastKnownFileType = text.plist.xml; path = Info.plist; sourceTree = "<group>"; };
/* End PBXFileReference section */

/* Begin PBXFrameworksBuildPhase section */
		FABEA8241BE149F9008890BE /* Frameworks */ = {
			isa = PBXFrameworksBuildPhase;
			buildActionMask = 2147483647;
			files = (
			);
			runOnlyForDeploymentPostprocessing = 0;
		};
/* End PBXFrameworksBuildPhase section */

/* Begin PBXGroup section */
		FABEA81E1BE149F9008890BE = {
			isa = PBXGroup;
			children = (
				FABEA8291BE149F9008890BE /* Retro-Calculator */,
				FABEA8281BE149F9008890BE /* Products */,
			);
			sourceTree = "<group>";
		};
		FABEA8281BE149F9008890BE /* Products */ = {
			isa = PBXGroup;
			children = (
				FABEA8271BE149F9008890BE /* Retro-Calculator.app */,
			);
			name = Products;
			sourceTree = "<group>";
		};
		FABEA8291BE149F9008890BE /* Retro-Calculator */ = {
			isa = PBXGroup;
			children = (
				FABEA82A1BE149F9008890BE /* AppDelegate.swift */,
				FABEA82C1BE149F9008890BE /* ViewController.swift */,
				FABEA82E1BE149F9008890BE /* Main.storyboard */,
				FABEA8311BE149F9008890BE /* Assets.xcassets */,
				FABEA8331BE149F9008890BE /* LaunchScreen.storyboard */,
				FABEA8361BE149F9008890BE /* Info.plist */,
			);
			path = "Retro-Calculator";
			sourceTree = "<group>";
		};
/* End PBXGroup section */

/* Begin PBXNativeTarget section */
		FABEA8261BE149F9008890BE /* Retro-Calculator */ = {
			isa = PBXNativeTarget;
			buildConfigurationList = FABEA8391BE149F9008890BE /* Build configuration list for PBXNativeTarget "Retro-Calculator" */;
			buildPhases = (
				FABEA8231BE149F9008890BE /* Sources */,
				FABEA8241BE149F9008890BE /* Frameworks */,
				FABEA8251BE149F9008890BE /* Resources */,
			);
			buildRules = (
			);
			dependencies = (
			);
			name = "Retro-Calculator";
			productName = "Retro-Calculator";
			productReference = FABEA8271BE149F9008890BE /* Retro-Calculator.app */;
			productType = "com.apple.product-type.application";
		};
/* End PBXNativeTarget section */

/* Begin PBXProject section */
		FABEA81F1BE149F9008890BE /* Project object */ = {
			isa = PBXProject;
			attributes = {
				LastSwiftUpdateCheck = 0710;
				LastUpgradeCheck = 0710;
				ORGANIZATIONNAME = AppFish;
				TargetAttributes = {
					FABEA8261BE149F9008890BE = {
						CreatedOnToolsVersion = 7.1;
					};
				};
			};
			buildConfigurationList = FABEA8221BE149F9008890BE /* Build configuration list for PBXProject "Retro-Calculator" */;
			compatibilityVersion = "Xcode 3.2";
			developmentRegion = English;
			hasScannedForEncodings = 0;
			knownRegions = (
				en,
				Base,
			);
			mainGroup = FABEA81E1BE149F9008890BE;
			productRefGroup = FABEA8281BE149F9008890BE /* Products */;
			projectDirPath = "";
			projectRoot = "";
			targets = (
				FABEA8261BE149F9008890BE /* Retro-Calculator */,
			);
		};
/* End PBXProject section */

/* Begin PBXResourcesBuildPhase section */
		FABEA8251BE149F9008890BE /* Resources */ = {
			isa = PBXResourcesBuildPhase;
			buildActionMask = 2147483647;
			files = (
				FABEA8351BE149F9008890BE /* LaunchScreen.storyboard in Resources */,
				FABEA8321BE149F9008890BE /* Assets.xcassets in Resources */,
				FABEA8301BE149F9008890BE /* Main.storyboard in Resources */,
			);
			runOnlyForDeploymentPostprocessing = 0;
		};
/* End PBXResourcesBuildPhase section */

/* Begin PBXSourcesBuildPhase section */
		FABEA8231BE149F9008890BE /* Sources */ = {
			isa = PBXSourcesBuildPhase;
			buildActionMask = 2147483647;
			files = (
				FABEA82D1BE149F9008890BE /* ViewController.swift in Sources */,
				FABEA82B1BE149F9008890BE /* AppDelegate.swift in Sources */,
			);
			runOnlyForDeploymentPostprocessing = 0;
		};
/* End PBXSourcesBuildPhase section */

/* Begin PBXVariantGroup section */
		FABEA82E1BE149F9008890BE /* Main.storyboard */ = {
			isa = PBXVariantGroup;
			children = (
				FABEA82F1BE149F9008890BE /* Base */,
			);
			name = Main.storyboard;
			sourceTree = "<group>";
		};
		FABEA8331BE149F9008890BE /* LaunchScreen.storyboard */ = {
			isa = PBXVariantGroup;
			children = (
				FABEA8341BE149F9008890BE /* Base */,
			);
			name = LaunchScreen.storyboard;
			sourceTree = "<group>";
		};
/* End PBXVariantGroup section */

/* Begin XCBuildConfiguration section */
		FABEA8371BE149F9008890BE /* Debug */ = {
			isa = XCBuildConfiguration;
			buildSettings = {
				ALWAYS_SEARCH_USER_PATHS = NO;
				CLANG_CXX_LANGUAGE_STANDARD = "gnu++0x";
				CLANG_CXX_LIBRARY = "libc++";
				CLANG_ENABLE_MODULES = YES;
				CLANG_ENABLE_OBJC_ARC = YES;
				CLANG_WARN_BOOL_CONVERSION = YES;
				CLANG_WARN_CONSTANT_CONVERSION = YES;
				CLANG_WARN_DIRECT_OBJC_ISA_USAGE = YES_ERROR;
				CLANG_WARN_EMPTY_BODY = YES;
				CLANG_WARN_ENUM_CONVERSION = YES;
				CLANG_WARN_INT_CONVERSION = YES;
				CLANG_WARN_OBJC_ROOT_CLASS = YES_ERROR;
				CLANG_WARN_UNREACHABLE_CODE = YES;
				CLANG_WARN__DUPLICATE_METHOD_MATCH = YES;
				"CODE_SIGN_IDENTITY[sdk=iphoneos*]" = "iPhone Developer";
				COPY_PHASE_STRIP = NO;
				DEBUG_INFORMATION_FORMAT = dwarf;
				ENABLE_STRICT_OBJC_MSGSEND = YES;
				ENABLE_TESTABILITY = YES;
				GCC_C_LANGUAGE_STANDARD = gnu99;
				GCC_DYNAMIC_NO_PIC = NO;
				GCC_NO_COMMON_BLOCKS = YES;
				GCC_OPTIMIZATION_LEVEL = 0;
				GCC_PREPROCESSOR_DEFINITIONS = (
					"DEBUG=1",
					"$(inherited)",
				);
				GCC_WARN_64_TO_32_BIT_CONVERSION = YES;
				GCC_WARN_ABOUT_RETURN_TYPE = YES_ERROR;
				GCC_WARN_UNDECLARED_SELECTOR = YES;
				GCC_WARN_UNINITIALIZED_AUTOS = YES_AGGRESSIVE;
				GCC_WARN_UNUSED_FUNCTION = YES;
				GCC_WARN_UNUSED_VARIABLE = YES;
				IPHONEOS_DEPLOYMENT_TARGET = 9.1;
				MTL_ENABLE_DEBUG_INFO = YES;
				ONLY_ACTIVE_ARCH = YES;
				SDKROOT = iphoneos;
				SWIFT_OPTIMIZATION_LEVEL = "-Onone";
				TARGETED_DEVICE_FAMILY = "1,2";
			};
			name = Debug;
		};
		FABEA8381BE149F9008890BE /* Release */ = {
			isa = XCBuildConfiguration;
			buildSettings = {
				ALWAYS_SEARCH_USER_PATHS = NO;
				CLANG_CXX_LANGUAGE_STANDARD = "gnu++0x";
				CLANG_CXX_LIBRARY = "libc++";
				CLANG_ENABLE_MODULES = YES;
				CLANG_ENABLE_OBJC_ARC = YES;
				CLANG_WARN_BOOL_CONVERSION = YES;
				CLANG_WARN_CONSTANT_CONVERSION = YES;
				CLANG_WARN_DIRECT_OBJC_ISA_USAGE = YES_ERROR;
				CLANG_WARN_EMPTY_BODY = YES;
				CLANG_WARN_ENUM_CONVERSION = YES;
				CLANG_WARN_INT_CONVERSION = YES;
				CLANG_WARN_OBJC_ROOT_CLASS = YES_ERROR;
				CLANG_WARN_UNREACHABLE_CODE = YES;
				CLANG_WARN__DUPLICATE_METHOD_MATCH = YES;
				"CODE_SIGN_IDENTITY[sdk=iphoneos*]" = "iPhone Developer";
				COPY_PHASE_STRIP = NO;
				DEBUG_INFORMATION_FORMAT = "dwarf-with-dsym";
				ENABLE_NS_ASSERTIONS = NO;
				ENABLE_STRICT_OBJC_MSGSEND = YES;
				GCC_C_LANGUAGE_STANDARD = gnu99;
				GCC_NO_COMMON_BLOCKS = YES;
				GCC_WARN_64_TO_32_BIT_CONVERSION = YES;
				GCC_WARN_ABOUT_RETURN_TYPE = YES_ERROR;
				GCC_WARN_UNDECLARED_SELECTOR = YES;
				GCC_WARN_UNINITIALIZED_AUTOS = YES_AGGRESSIVE;
				GCC_WARN_UNUSED_FUNCTION = YES;
				GCC_WARN_UNUSED_VARIABLE = YES;
				IPHONEOS_DEPLOYMENT_TARGET = 9.1;
				MTL_ENABLE_DEBUG_INFO = NO;
				SDKROOT = iphoneos;
				TARGETED_DEVICE_FAMILY = "1,2";
				VALIDATE_PRODUCT = YES;
			};
			name = Release;
		};
		FABEA83A1BE149F9008890BE /* Debug */ = {
			isa = XCBuildConfiguration;
			buildSettings = {
				ASSETCATALOG_COMPILER_APPICON_NAME = AppIcon;
				INFOPLIST_FILE = "Retro-Calculator/Info.plist";
				LD_RUNPATH_SEARCH_PATHS = "$(inherited) @executable_path/Frameworks";
				PRODUCT_BUNDLE_IDENTIFIER = "com.appfish.Retro-Calculator";
				PRODUCT_NAME = "$(TARGET_NAME)";
			};
			name = Debug;
		};
		FABEA83B1BE149F9008890BE /* Release */ = {
			isa = XCBuildConfiguration;
			buildSettings = {
				ASSETCATALOG_COMPILER_APPICON_NAME = AppIcon;
				INFOPLIST_FILE = "Retro-Calculator/Info.plist";
				LD_RUNPATH_SEARCH_PATHS = "$(inherited) @executable_path/Frameworks";
				PRODUCT_BUNDLE_IDENTIFIER = "com.appfish.Retro-Calculator";
				PRODUCT_NAME = "$(TARGET_NAME)";
			};
			name = Release;
		};
/* End XCBuildConfiguration section */

/* Begin XCConfigurationList section */
		FABEA8221BE149F9008890BE /* Build configuration list for PBXProject "Retro-Calculator" */ = {
			isa = XCConfigurationList;
			buildConfigurations = (
				FABEA8371BE149F9008890BE /* Debug */,
				FABEA8381BE149F9008890BE /* Release */,
			);
			defaultConfigurationIsVisible = 0;
			defaultConfigurationName = Release;
		};
		FABEA8391BE149F9008890BE /* Build configuration list for PBXNativeTarget "Retro-Calculator" */ = {
			isa = XCConfigurationList;
			buildConfigurations = (
				FABEA83A1BE149F9008890BE /* Debug */,
				FABEA83B1BE149F9008890BE /* Release */,
			);
			defaultConfigurationIsVisible = 0;
		};
/* End XCConfigurationList section */
	};
	rootObject = FABEA81F1BE149F9008890BE /* Project object */;
}
